
Microsoft Visual Studio Solution File, Format Version 12.00
# Visual Studio Version 17
VisualStudioVersion = 17.11.35327.3
MinimumVisualStudioVersion = 10.0.40219.1
Project("{9A19103F-16F7-4668-BE54-9A1E7A4F7556}") = "ContatosRegionais", "ContatosRegionais\ContatosRegionais.csproj", "{820533EC-86CE-4897-AB0E-7A3E24DCEB79}"
EndProject
Project("{2150E333-8FDC-42A3-9474-1A3956D46DE8}") = "01-API", "01-API", "{9B8DC2AE-67FD-48D5-91D8-B9ADEAB9B63C}"
EndProject
Project("{2150E333-8FDC-42A3-9474-1A3956D46DE8}") = "02-APLICACAO", "02-APLICACAO", "{FF2BB560-E0DF-4893-84A4-DF052F6D63BC}"
EndProject
Project("{2150E333-8FDC-42A3-9474-1A3956D46DE8}") = "03-DOMINIO", "03-DOMINIO", "{204F5425-5BFC-4230-876A-31A9EB0338F9}"
EndProject
Project("{2150E333-8FDC-42A3-9474-1A3956D46DE8}") = "04-PERSISTENCIA", "04-PERSISTENCIA", "{B844BDDF-DD1F-4479-AB76-63116E47A16D}"
EndProject
Project("{9A19103F-16F7-4668-BE54-9A1E7A4F7556}") = "ContatosRegionais.Aplicacao", "ContatosRegionais.Aplicacao\ContatosRegionais.Aplicacao.csproj", "{24505AB1-2966-42A4-894B-E6F7EEF9EAEE}"
EndProject
Project("{9A19103F-16F7-4668-BE54-9A1E7A4F7556}") = "ContatosRegionais.Dominio", "ContatosRegionais.Dominio\ContatosRegionais.Dominio.csproj", "{885C8E31-FEB8-4010-A147-59B8BEFEC64A}"
EndProject
Project("{9A19103F-16F7-4668-BE54-9A1E7A4F7556}") = "ContatosRegionais.Persistencia", "ContatosRegionais.Persistencia\ContatosRegionais.Persistencia.csproj", "{A00EF240-9783-4265-9E98-A13FA1B78FD1}"
EndProject
Project("{2150E333-8FDC-42A3-9474-1A3956D46DE8}") = "05-INFRA", "05-INFRA", "{091E9D20-A0AE-40FB-A5ED-6141B2B49834}"
EndProject
Project("{9A19103F-16F7-4668-BE54-9A1E7A4F7556}") = "ContatosRegionais.InjecaoDependencia", "ContatosRegionais.InjecaoDependencia\ContatosRegionais.InjecaoDependencia.csproj", "{C88E0CAA-708B-42B8-94D7-9A634C4CBCBE}"
EndProject
Project("{2150E333-8FDC-42A3-9474-1A3956D46DE8}") = "06-TESTE", "06-TESTE", "{43D871FD-94F6-4209-8D65-ED52C14EAF90}"
EndProject
Project("{2150E333-8FDC-42A3-9474-1A3956D46DE8}") = "01-APLICACAO", "01-APLICACAO", "{158656FD-DAB2-4974-A67F-0B8261C0F36B}"
EndProject
Project("{FAE04EC0-301F-11D3-BF4B-00C04F79EFBC}") = "ContatosRegionais.Aplicacao.Testes", "ContatosRegionais.Aplicacao.Testes\ContatosRegionais.Aplicacao.Testes.csproj", "{17DB59BD-44BD-4329-97E5-9CAC5474D65F}"
EndProject
Project("{2150E333-8FDC-42A3-9474-1A3956D46DE8}") = "02-DOMINIO", "02-DOMINIO", "{190894D2-C0E3-4D7C-8BFA-5DE8541C493B}"
EndProject
Project("{FAE04EC0-301F-11D3-BF4B-00C04F79EFBC}") = "ContatosRegionais.Dominio.Testes", "ContatosRegionais.Dominio.Testes\ContatosRegionais.Dominio.Testes.csproj", "{5C964055-8A4F-460A-813D-B6A3B7E97260}"
EndProject
Global
	GlobalSection(SolutionConfigurationPlatforms) = preSolution
		Debug|Any CPU = Debug|Any CPU
		Release|Any CPU = Release|Any CPU
	EndGlobalSection
	GlobalSection(ProjectConfigurationPlatforms) = postSolution
		{820533EC-86CE-4897-AB0E-7A3E24DCEB79}.Debug|Any CPU.ActiveCfg = Debug|Any CPU
		{820533EC-86CE-4897-AB0E-7A3E24DCEB79}.Debug|Any CPU.Build.0 = Debug|Any CPU
		{820533EC-86CE-4897-AB0E-7A3E24DCEB79}.Release|Any CPU.ActiveCfg = Release|Any CPU
		{820533EC-86CE-4897-AB0E-7A3E24DCEB79}.Release|Any CPU.Build.0 = Release|Any CPU
		{24505AB1-2966-42A4-894B-E6F7EEF9EAEE}.Debug|Any CPU.ActiveCfg = Debug|Any CPU
		{24505AB1-2966-42A4-894B-E6F7EEF9EAEE}.Debug|Any CPU.Build.0 = Debug|Any CPU
		{24505AB1-2966-42A4-894B-E6F7EEF9EAEE}.Release|Any CPU.ActiveCfg = Release|Any CPU
		{24505AB1-2966-42A4-894B-E6F7EEF9EAEE}.Release|Any CPU.Build.0 = Release|Any CPU
		{885C8E31-FEB8-4010-A147-59B8BEFEC64A}.Debug|Any CPU.ActiveCfg = Debug|Any CPU
		{885C8E31-FEB8-4010-A147-59B8BEFEC64A}.Debug|Any CPU.Build.0 = Debug|Any CPU
		{885C8E31-FEB8-4010-A147-59B8BEFEC64A}.Release|Any CPU.ActiveCfg = Release|Any CPU
		{885C8E31-FEB8-4010-A147-59B8BEFEC64A}.Release|Any CPU.Build.0 = Release|Any CPU
		{A00EF240-9783-4265-9E98-A13FA1B78FD1}.Debug|Any CPU.ActiveCfg = Debug|Any CPU
		{A00EF240-9783-4265-9E98-A13FA1B78FD1}.Debug|Any CPU.Build.0 = Debug|Any CPU
		{A00EF240-9783-4265-9E98-A13FA1B78FD1}.Release|Any CPU.ActiveCfg = Release|Any CPU
		{A00EF240-9783-4265-9E98-A13FA1B78FD1}.Release|Any CPU.Build.0 = Release|Any CPU
		{C88E0CAA-708B-42B8-94D7-9A634C4CBCBE}.Debug|Any CPU.ActiveCfg = Debug|Any CPU
		{C88E0CAA-708B-42B8-94D7-9A634C4CBCBE}.Debug|Any CPU.Build.0 = Debug|Any CPU
		{C88E0CAA-708B-42B8-94D7-9A634C4CBCBE}.Release|Any CPU.ActiveCfg = Release|Any CPU
		{C88E0CAA-708B-42B8-94D7-9A634C4CBCBE}.Release|Any CPU.Build.0 = Release|Any CPU
		{17DB59BD-44BD-4329-97E5-9CAC5474D65F}.Debug|Any CPU.ActiveCfg = Debug|Any CPU
		{17DB59BD-44BD-4329-97E5-9CAC5474D65F}.Debug|Any CPU.Build.0 = Debug|Any CPU
		{17DB59BD-44BD-4329-97E5-9CAC5474D65F}.Release|Any CPU.ActiveCfg = Release|Any CPU
		{17DB59BD-44BD-4329-97E5-9CAC5474D65F}.Release|Any CPU.Build.0 = Release|Any CPU
		{5C964055-8A4F-460A-813D-B6A3B7E97260}.Debug|Any CPU.ActiveCfg = Debug|Any CPU
		{5C964055-8A4F-460A-813D-B6A3B7E97260}.Debug|Any CPU.Build.0 = Debug|Any CPU
		{5C964055-8A4F-460A-813D-B6A3B7E97260}.Release|Any CPU.ActiveCfg = Release|Any CPU
		{5C964055-8A4F-460A-813D-B6A3B7E97260}.Release|Any CPU.Build.0 = Release|Any CPU
	EndGlobalSection
	GlobalSection(SolutionProperties) = preSolution
		HideSolutionNode = FALSE
	EndGlobalSection
	GlobalSection(NestedProjects) = preSolution
		{820533EC-86CE-4897-AB0E-7A3E24DCEB79} = {9B8DC2AE-67FD-48D5-91D8-B9ADEAB9B63C}
		{24505AB1-2966-42A4-894B-E6F7EEF9EAEE} = {FF2BB560-E0DF-4893-84A4-DF052F6D63BC}
		{885C8E31-FEB8-4010-A147-59B8BEFEC64A} = {204F5425-5BFC-4230-876A-31A9EB0338F9}
		{A00EF240-9783-4265-9E98-A13FA1B78FD1} = {B844BDDF-DD1F-4479-AB76-63116E47A16D}
		{C88E0CAA-708B-42B8-94D7-9A634C4CBCBE} = {091E9D20-A0AE-40FB-A5ED-6141B2B49834}
		{158656FD-DAB2-4974-A67F-0B8261C0F36B} = {43D871FD-94F6-4209-8D65-ED52C14EAF90}
		{17DB59BD-44BD-4329-97E5-9CAC5474D65F} = {158656FD-DAB2-4974-A67F-0B8261C0F36B}
		{190894D2-C0E3-4D7C-8BFA-5DE8541C493B} = {43D871FD-94F6-4209-8D65-ED52C14EAF90}
		{5C964055-8A4F-460A-813D-B6A3B7E97260} = {190894D2-C0E3-4D7C-8BFA-5DE8541C493B}
	EndGlobalSection
	GlobalSection(ExtensibilityGlobals) = postSolution
		SolutionGuid = {42FA3644-B607-4FDE-989B-D6FF305F9AA9}
	EndGlobalSection
EndGlobal
